
Microsoft Visual Studio Solution File, Format Version 12.00
# Visual Studio Version 17
VisualStudioVersion = 17.6.33815.320
MinimumVisualStudioVersion = 10.0.40219.1
Project("{FAE04EC0-301F-11D3-BF4B-00C04F79EFBC}") = "SteamGameArchiver", "SteamGameArchiver.csproj", "{D833EE67-35AF-44ED-A8DD-2456B10AAA8B}"
EndProject
Global
	GlobalSection(SolutionConfigurationPlatforms) = preSolution
		Debug|Any CPU = Debug|Any CPU
		Release|Any CPU = Release|Any CPU
	EndGlobalSection
	GlobalSection(ProjectConfigurationPlatforms) = postSolution
		{D833EE67-35AF-44ED-A8DD-2456B10AAA8B}.Debug|Any CPU.ActiveCfg = Debug|Any CPU
		{D833EE67-35AF-44ED-A8DD-2456B10AAA8B}.Debug|Any CPU.Build.0 = Debug|Any CPU
		{D833EE67-35AF-44ED-A8DD-2456B10AAA8B}.Release|Any CPU.ActiveCfg = Release|Any CPU
		{D833EE67-35AF-44ED-A8DD-2456B10AAA8B}.Release|Any CPU.Build.0 = Release|Any CPU
	EndGlobalSection
	GlobalSection(SolutionProperties) = preSolution
		HideSolutionNode = FALSE
	EndGlobalSection
	GlobalSection(ExtensibilityGlobals) = postSolution
		SolutionGuid = {525676EE-7950-40F0-912D-14B2F52BEB2B}
	EndGlobalSection
EndGlobal
